// !$*UTF8*$!
{
	archiveVersion = 1;
	classes = {
	};
	objectVersion = 56;
	objects = {

/* Begin PBXBuildFile section */
		8D8A90B4292E88390089E36B /* GameScene.swift in Sources */ = {isa = PBXBuildFile; fileRef = 8D8A90B3292E88390089E36B /* GameScene.swift */; };
		8DD1CE01292E84800051BB38 /* AppDelegate.swift in Sources */ = {isa = PBXBuildFile; fileRef = 8DD1CE00292E84800051BB38 /* AppDelegate.swift */; };
		8DD1CE03292E84800051BB38 /* SceneDelegate.swift in Sources */ = {isa = PBXBuildFile; fileRef = 8DD1CE02292E84800051BB38 /* SceneDelegate.swift */; };
		8DD1CE0A292E84820051BB38 /* Assets.xcassets in Resources */ = {isa = PBXBuildFile; fileRef = 8DD1CE09292E84820051BB38 /* Assets.xcassets */; };
		8DD1CE0D292E84820051BB38 /* LaunchScreen.storyboard in Resources */ = {isa = PBXBuildFile; fileRef = 8DD1CE0B292E84820051BB38 /* LaunchScreen.storyboard */; };
		8DD1CE16292E85B70051BB38 /* TabBarController.swift in Sources */ = {isa = PBXBuildFile; fileRef = 8DD1CE15292E85B70051BB38 /* TabBarController.swift */; };
		8DD1CE18292E85CD0051BB38 /* NavigationController.swift in Sources */ = {isa = PBXBuildFile; fileRef = 8DD1CE17292E85CD0051BB38 /* NavigationController.swift */; };
		8DD1CE1B292E85F70051BB38 /* SwipeViewController.swift in Sources */ = {isa = PBXBuildFile; fileRef = 8DD1CE1A292E85F70051BB38 /* SwipeViewController.swift */; };
		8DD1CE1E292E86210051BB38 /* SlingshotLaunchViewController.swift in Sources */ = {isa = PBXBuildFile; fileRef = 8DD1CE1D292E86210051BB38 /* SlingshotLaunchViewController.swift */; };
		DB8868F5293411A900D31319 /* SwipeScene.swift in Sources */ = {isa = PBXBuildFile; fileRef = DB8868F4293411A900D31319 /* SwipeScene.swift */; };
		DB8868F7293411E400D31319 /* BitMasks.swift in Sources */ = {isa = PBXBuildFile; fileRef = DB8868F6293411E400D31319 /* BitMasks.swift */; };
		DB8868F92934121000D31319 /* GameResultVC.swift in Sources */ = {isa = PBXBuildFile; fileRef = DB8868F82934121000D31319 /* GameResultVC.swift */; };
		DB8868FB2934125500D31319 /* Asteroids.swift in Sources */ = {isa = PBXBuildFile; fileRef = DB8868FA2934125500D31319 /* Asteroids.swift */; };
		DB8868FD2934127F00D31319 /* Destination.swift in Sources */ = {isa = PBXBuildFile; fileRef = DB8868FC2934127F00D31319 /* Destination.swift */; };
		DB8868FF293412AD00D31319 /* Planet.swift in Sources */ = {isa = PBXBuildFile; fileRef = DB8868FE293412AD00D31319 /* Planet.swift */; };
		DB886901293412CF00D31319 /* Rocket.swift in Sources */ = {isa = PBXBuildFile; fileRef = DB886900293412CF00D31319 /* Rocket.swift */; };
		DB886903293412EC00D31319 /* Path.swift in Sources */ = {isa = PBXBuildFile; fileRef = DB886902293412EC00D31319 /* Path.swift */; };
		DB8869052934130F00D31319 /* Result.swift in Sources */ = {isa = PBXBuildFile; fileRef = DB8869042934130F00D31319 /* Result.swift */; };
		DB8869072934132C00D31319 /* Swipe.swift in Sources */ = {isa = PBXBuildFile; fileRef = DB8869062934132C00D31319 /* Swipe.swift */; };
/* End PBXBuildFile section */

/* Begin PBXFileReference section */
		8D8A90B3292E88390089E36B /* GameScene.swift */ = {isa = PBXFileReference; lastKnownFileType = sourcecode.swift; path = GameScene.swift; sourceTree = "<group>"; };
		8DD1CDFD292E84800051BB38 /* DemoHit.app */ = {isa = PBXFileReference; explicitFileType = wrapper.application; includeInIndex = 0; path = DemoHit.app; sourceTree = BUILT_PRODUCTS_DIR; };
		8DD1CE00292E84800051BB38 /* AppDelegate.swift */ = {isa = PBXFileReference; lastKnownFileType = sourcecode.swift; path = AppDelegate.swift; sourceTree = "<group>"; };
		8DD1CE02292E84800051BB38 /* SceneDelegate.swift */ = {isa = PBXFileReference; lastKnownFileType = sourcecode.swift; path = SceneDelegate.swift; sourceTree = "<group>"; };
		8DD1CE09292E84820051BB38 /* Assets.xcassets */ = {isa = PBXFileReference; lastKnownFileType = folder.assetcatalog; path = Assets.xcassets; sourceTree = "<group>"; };
		8DD1CE0C292E84820051BB38 /* Base */ = {isa = PBXFileReference; lastKnownFileType = file.storyboard; name = Base; path = Base.lproj/LaunchScreen.storyboard; sourceTree = "<group>"; };
		8DD1CE0E292E84820051BB38 /* Info.plist */ = {isa = PBXFileReference; lastKnownFileType = text.plist.xml; path = Info.plist; sourceTree = "<group>"; };
		8DD1CE15292E85B70051BB38 /* TabBarController.swift */ = {isa = PBXFileReference; lastKnownFileType = sourcecode.swift; path = TabBarController.swift; sourceTree = "<group>"; };
		8DD1CE17292E85CD0051BB38 /* NavigationController.swift */ = {isa = PBXFileReference; lastKnownFileType = sourcecode.swift; path = NavigationController.swift; sourceTree = "<group>"; };
		8DD1CE1A292E85F70051BB38 /* SwipeViewController.swift */ = {isa = PBXFileReference; lastKnownFileType = sourcecode.swift; path = SwipeViewController.swift; sourceTree = "<group>"; };
		8DD1CE1D292E86210051BB38 /* SlingshotLaunchViewController.swift */ = {isa = PBXFileReference; lastKnownFileType = sourcecode.swift; path = SlingshotLaunchViewController.swift; sourceTree = "<group>"; };
		DB8868F4293411A900D31319 /* SwipeScene.swift */ = {isa = PBXFileReference; lastKnownFileType = sourcecode.swift; path = SwipeScene.swift; sourceTree = "<group>"; };
		DB8868F6293411E400D31319 /* BitMasks.swift */ = {isa = PBXFileReference; lastKnownFileType = sourcecode.swift; path = BitMasks.swift; sourceTree = "<group>"; };
		DB8868F82934121000D31319 /* GameResultVC.swift */ = {isa = PBXFileReference; lastKnownFileType = sourcecode.swift; path = GameResultVC.swift; sourceTree = "<group>"; };
		DB8868FA2934125500D31319 /* Asteroids.swift */ = {isa = PBXFileReference; lastKnownFileType = sourcecode.swift; path = Asteroids.swift; sourceTree = "<group>"; };
		DB8868FC2934127F00D31319 /* Destination.swift */ = {isa = PBXFileReference; lastKnownFileType = sourcecode.swift; path = Destination.swift; sourceTree = "<group>"; };
		DB8868FE293412AD00D31319 /* Planet.swift */ = {isa = PBXFileReference; lastKnownFileType = sourcecode.swift; path = Planet.swift; sourceTree = "<group>"; };
		DB886900293412CF00D31319 /* Rocket.swift */ = {isa = PBXFileReference; lastKnownFileType = sourcecode.swift; path = Rocket.swift; sourceTree = "<group>"; };
		DB886902293412EC00D31319 /* Path.swift */ = {isa = PBXFileReference; lastKnownFileType = sourcecode.swift; path = Path.swift; sourceTree = "<group>"; };
		DB8869042934130F00D31319 /* Result.swift */ = {isa = PBXFileReference; lastKnownFileType = sourcecode.swift; path = Result.swift; sourceTree = "<group>"; };
		DB8869062934132C00D31319 /* Swipe.swift */ = {isa = PBXFileReference; lastKnownFileType = sourcecode.swift; path = Swipe.swift; sourceTree = "<group>"; };
/* End PBXFileReference section */

/* Begin PBXFrameworksBuildPhase section */
		8DD1CDFA292E84800051BB38 /* Frameworks */ = {
			isa = PBXFrameworksBuildPhase;
			buildActionMask = 2147483647;
			files = (
			);
			runOnlyForDeploymentPostprocessing = 0;
		};
/* End PBXFrameworksBuildPhase section */

/* Begin PBXGroup section */
		8DD1CDF4292E84800051BB38 = {
			isa = PBXGroup;
			children = (
				8DD1CDFF292E84800051BB38 /* DemoHit */,
				8DD1CDFE292E84800051BB38 /* Products */,
			);
			sourceTree = "<group>";
		};
		8DD1CDFE292E84800051BB38 /* Products */ = {
			isa = PBXGroup;
			children = (
				8DD1CDFD292E84800051BB38 /* DemoHit.app */,
			);
			name = Products;
			sourceTree = "<group>";
		};
		8DD1CDFF292E84800051BB38 /* DemoHit */ = {
			isa = PBXGroup;
			children = (
				8DD1CE1F292E86320051BB38 /* Core */,
				8DD1CE1C292E86040051BB38 /* SlingshotLaunch */,
				8DD1CE19292E85E70051BB38 /* LineLaunch */,
				8DD1CE14292E85A70051BB38 /* Navigation */,
				8DD1CE00292E84800051BB38 /* AppDelegate.swift */,
				8DD1CE02292E84800051BB38 /* SceneDelegate.swift */,
				8DD1CE09292E84820051BB38 /* Assets.xcassets */,
				8DD1CE0B292E84820051BB38 /* LaunchScreen.storyboard */,
				8DD1CE0E292E84820051BB38 /* Info.plist */,
			);
			path = DemoHit;
			sourceTree = "<group>";
		};
		8DD1CE14292E85A70051BB38 /* Navigation */ = {
			isa = PBXGroup;
			children = (
				8DD1CE15292E85B70051BB38 /* TabBarController.swift */,
				8DD1CE17292E85CD0051BB38 /* NavigationController.swift */,
			);
			path = Navigation;
			sourceTree = "<group>";
		};
		8DD1CE19292E85E70051BB38 /* LineLaunch */ = {
			isa = PBXGroup;
			children = (
				8DD1CE1A292E85F70051BB38 /* SwipeViewController.swift */,
				DB8868F4293411A900D31319 /* SwipeScene.swift */,
				DB8868F6293411E400D31319 /* BitMasks.swift */,
				DB8868F82934121000D31319 /* GameResultVC.swift */,
				DB8869082934161600D31319 /* SwipeSceneExtensions */,
			);
			path = LineLaunch;
			sourceTree = "<group>";
		};
		8DD1CE1C292E86040051BB38 /* SlingshotLaunch */ = {
			isa = PBXGroup;
			children = (
				8DD1CE1D292E86210051BB38 /* SlingshotLaunchViewController.swift */,
				8D8A90B3292E88390089E36B /* GameScene.swift */,
			);
			path = SlingshotLaunch;
			sourceTree = "<group>";
		};
		8DD1CE1F292E86320051BB38 /* Core */ = {
			isa = PBXGroup;
			children = (
			);
			path = Core;
			sourceTree = "<group>";
		};
		DB8869082934161600D31319 /* SwipeSceneExtensions */ = {
			isa = PBXGroup;
			children = (
				DB88690A2934164600D31319 /* Others */,
				DB8869092934163000D31319 /* Sprites */,
			);
			path = SwipeSceneExtensions;
			sourceTree = "<group>";
		};
		DB8869092934163000D31319 /* Sprites */ = {
			isa = PBXGroup;
			children = (
				DB8868FA2934125500D31319 /* Asteroids.swift */,
				DB8868FC2934127F00D31319 /* Destination.swift */,
				DB886900293412CF00D31319 /* Rocket.swift */,
				DB8868FE293412AD00D31319 /* Planet.swift */,
			);
			path = Sprites;
			sourceTree = "<group>";
		};
		DB88690A2934164600D31319 /* Others */ = {
			isa = PBXGroup;
			children = (
				DB886902293412EC00D31319 /* Path.swift */,
				DB8869042934130F00D31319 /* Result.swift */,
				DB8869062934132C00D31319 /* Swipe.swift */,
			);
			path = Others;
			sourceTree = "<group>";
		};
/* End PBXGroup section */

/* Begin PBXNativeTarget section */
		8DD1CDFC292E84800051BB38 /* DemoHit */ = {
			isa = PBXNativeTarget;
			buildConfigurationList = 8DD1CE11292E84820051BB38 /* Build configuration list for PBXNativeTarget "DemoHit" */;
			buildPhases = (
				8DD1CDF9292E84800051BB38 /* Sources */,
				8DD1CDFA292E84800051BB38 /* Frameworks */,
				8DD1CDFB292E84800051BB38 /* Resources */,
			);
			buildRules = (
			);
			dependencies = (
			);
			name = DemoHit;
			productName = DemoHit;
			productReference = 8DD1CDFD292E84800051BB38 /* DemoHit.app */;
			productType = "com.apple.product-type.application";
		};
/* End PBXNativeTarget section */

/* Begin PBXProject section */
		8DD1CDF5292E84800051BB38 /* Project object */ = {
			isa = PBXProject;
			attributes = {
				BuildIndependentTargetsInParallel = 1;
				LastSwiftUpdateCheck = 1410;
				LastUpgradeCheck = 1410;
				TargetAttributes = {
					8DD1CDFC292E84800051BB38 = {
						CreatedOnToolsVersion = 14.1;
					};
				};
			};
			buildConfigurationList = 8DD1CDF8292E84800051BB38 /* Build configuration list for PBXProject "DemoHit" */;
			compatibilityVersion = "Xcode 14.0";
			developmentRegion = en;
			hasScannedForEncodings = 0;
			knownRegions = (
				en,
				Base,
			);
			mainGroup = 8DD1CDF4292E84800051BB38;
			productRefGroup = 8DD1CDFE292E84800051BB38 /* Products */;
			projectDirPath = "";
			projectRoot = "";
			targets = (
				8DD1CDFC292E84800051BB38 /* DemoHit */,
			);
		};
/* End PBXProject section */

/* Begin PBXResourcesBuildPhase section */
		8DD1CDFB292E84800051BB38 /* Resources */ = {
			isa = PBXResourcesBuildPhase;
			buildActionMask = 2147483647;
			files = (
				8DD1CE0D292E84820051BB38 /* LaunchScreen.storyboard in Resources */,
				8DD1CE0A292E84820051BB38 /* Assets.xcassets in Resources */,
			);
			runOnlyForDeploymentPostprocessing = 0;
		};
/* End PBXResourcesBuildPhase section */

/* Begin PBXSourcesBuildPhase section */
		8DD1CDF9292E84800051BB38 /* Sources */ = {
			isa = PBXSourcesBuildPhase;
			buildActionMask = 2147483647;
			files = (
				8DD1CE16292E85B70051BB38 /* TabBarController.swift in Sources */,
				DB8868F5293411A900D31319 /* SwipeScene.swift in Sources */,
				DB8868FD2934127F00D31319 /* Destination.swift in Sources */,
				8DD1CE18292E85CD0051BB38 /* NavigationController.swift in Sources */,
				DB8868F7293411E400D31319 /* BitMasks.swift in Sources */,
				DB8868FF293412AD00D31319 /* Planet.swift in Sources */,
				DB8869052934130F00D31319 /* Result.swift in Sources */,
				8DD1CE1B292E85F70051BB38 /* SwipeViewController.swift in Sources */,
				DB886901293412CF00D31319 /* Rocket.swift in Sources */,
				8DD1CE1E292E86210051BB38 /* SlingshotLaunchViewController.swift in Sources */,
				DB8869072934132C00D31319 /* Swipe.swift in Sources */,
				8DD1CE01292E84800051BB38 /* AppDelegate.swift in Sources */,
				8D8A90B4292E88390089E36B /* GameScene.swift in Sources */,
				8DD1CE03292E84800051BB38 /* SceneDelegate.swift in Sources */,
				DB8868F92934121000D31319 /* GameResultVC.swift in Sources */,
				DB886903293412EC00D31319 /* Path.swift in Sources */,
				DB8868FB2934125500D31319 /* Asteroids.swift in Sources */,
			);
			runOnlyForDeploymentPostprocessing = 0;
		};
/* End PBXSourcesBuildPhase section */

/* Begin PBXVariantGroup section */
		8DD1CE0B292E84820051BB38 /* LaunchScreen.storyboard */ = {
			isa = PBXVariantGroup;
			children = (
				8DD1CE0C292E84820051BB38 /* Base */,
			);
			name = LaunchScreen.storyboard;
			sourceTree = "<group>";
		};
/* End PBXVariantGroup section */

/* Begin XCBuildConfiguration section */
		8DD1CE0F292E84820051BB38 /* Debug */ = {
			isa = XCBuildConfiguration;
			buildSettings = {
				ALWAYS_SEARCH_USER_PATHS = NO;
				CLANG_ANALYZER_NONNULL = YES;
				CLANG_ANALYZER_NUMBER_OBJECT_CONVERSION = YES_AGGRESSIVE;
				CLANG_CXX_LANGUAGE_STANDARD = "gnu++20";
				CLANG_ENABLE_MODULES = YES;
				CLANG_ENABLE_OBJC_ARC = YES;
				CLANG_ENABLE_OBJC_WEAK = YES;
				CLANG_WARN_BLOCK_CAPTURE_AUTORELEASING = YES;
				CLANG_WARN_BOOL_CONVERSION = YES;
				CLANG_WARN_COMMA = YES;
				CLANG_WARN_CONSTANT_CONVERSION = YES;
				CLANG_WARN_DEPRECATED_OBJC_IMPLEMENTATIONS = YES;
				CLANG_WARN_DIRECT_OBJC_ISA_USAGE = YES_ERROR;
				CLANG_WARN_DOCUMENTATION_COMMENTS = YES;
				CLANG_WARN_EMPTY_BODY = YES;
				CLANG_WARN_ENUM_CONVERSION = YES;
				CLANG_WARN_INFINITE_RECURSION = YES;
				CLANG_WARN_INT_CONVERSION = YES;
				CLANG_WARN_NON_LITERAL_NULL_CONVERSION = YES;
				CLANG_WARN_OBJC_IMPLICIT_RETAIN_SELF = YES;
				CLANG_WARN_OBJC_LITERAL_CONVERSION = YES;
				CLANG_WARN_OBJC_ROOT_CLASS = YES_ERROR;
				CLANG_WARN_QUOTED_INCLUDE_IN_FRAMEWORK_HEADER = YES;
				CLANG_WARN_RANGE_LOOP_ANALYSIS = YES;
				CLANG_WARN_STRICT_PROTOTYPES = YES;
				CLANG_WARN_SUSPICIOUS_MOVE = YES;
				CLANG_WARN_UNGUARDED_AVAILABILITY = YES_AGGRESSIVE;
				CLANG_WARN_UNREACHABLE_CODE = YES;
				CLANG_WARN__DUPLICATE_METHOD_MATCH = YES;
				COPY_PHASE_STRIP = NO;
				DEBUG_INFORMATION_FORMAT = dwarf;
				ENABLE_STRICT_OBJC_MSGSEND = YES;
				ENABLE_TESTABILITY = YES;
				GCC_C_LANGUAGE_STANDARD = gnu11;
				GCC_DYNAMIC_NO_PIC = NO;
				GCC_NO_COMMON_BLOCKS = YES;
				GCC_OPTIMIZATION_LEVEL = 0;
				GCC_PREPROCESSOR_DEFINITIONS = (
					"DEBUG=1",
					"$(inherited)",
				);
				GCC_WARN_64_TO_32_BIT_CONVERSION = YES;
				GCC_WARN_ABOUT_RETURN_TYPE = YES_ERROR;
				GCC_WARN_UNDECLARED_SELECTOR = YES;
				GCC_WARN_UNINITIALIZED_AUTOS = YES_AGGRESSIVE;
				GCC_WARN_UNUSED_FUNCTION = YES;
				GCC_WARN_UNUSED_VARIABLE = YES;
				IPHONEOS_DEPLOYMENT_TARGET = 16.1;
				MTL_ENABLE_DEBUG_INFO = INCLUDE_SOURCE;
				MTL_FAST_MATH = YES;
				ONLY_ACTIVE_ARCH = YES;
				SDKROOT = iphoneos;
				SWIFT_ACTIVE_COMPILATION_CONDITIONS = DEBUG;
				SWIFT_OPTIMIZATION_LEVEL = "-Onone";
			};
			name = Debug;
		};
		8DD1CE10292E84820051BB38 /* Release */ = {
			isa = XCBuildConfiguration;
			buildSettings = {
				ALWAYS_SEARCH_USER_PATHS = NO;
				CLANG_ANALYZER_NONNULL = YES;
				CLANG_ANALYZER_NUMBER_OBJECT_CONVERSION = YES_AGGRESSIVE;
				CLANG_CXX_LANGUAGE_STANDARD = "gnu++20";
				CLANG_ENABLE_MODULES = YES;
				CLANG_ENABLE_OBJC_ARC = YES;
				CLANG_ENABLE_OBJC_WEAK = YES;
				CLANG_WARN_BLOCK_CAPTURE_AUTORELEASING = YES;
				CLANG_WARN_BOOL_CONVERSION = YES;
				CLANG_WARN_COMMA = YES;
				CLANG_WARN_CONSTANT_CONVERSION = YES;
				CLANG_WARN_DEPRECATED_OBJC_IMPLEMENTATIONS = YES;
				CLANG_WARN_DIRECT_OBJC_ISA_USAGE = YES_ERROR;
				CLANG_WARN_DOCUMENTATION_COMMENTS = YES;
				CLANG_WARN_EMPTY_BODY = YES;
				CLANG_WARN_ENUM_CONVERSION = YES;
				CLANG_WARN_INFINITE_RECURSION = YES;
				CLANG_WARN_INT_CONVERSION = YES;
				CLANG_WARN_NON_LITERAL_NULL_CONVERSION = YES;
				CLANG_WARN_OBJC_IMPLICIT_RETAIN_SELF = YES;
				CLANG_WARN_OBJC_LITERAL_CONVERSION = YES;
				CLANG_WARN_OBJC_ROOT_CLASS = YES_ERROR;
				CLANG_WARN_QUOTED_INCLUDE_IN_FRAMEWORK_HEADER = YES;
				CLANG_WARN_RANGE_LOOP_ANALYSIS = YES;
				CLANG_WARN_STRICT_PROTOTYPES = YES;
				CLANG_WARN_SUSPICIOUS_MOVE = YES;
				CLANG_WARN_UNGUARDED_AVAILABILITY = YES_AGGRESSIVE;
				CLANG_WARN_UNREACHABLE_CODE = YES;
				CLANG_WARN__DUPLICATE_METHOD_MATCH = YES;
				COPY_PHASE_STRIP = NO;
				DEBUG_INFORMATION_FORMAT = "dwarf-with-dsym";
				ENABLE_NS_ASSERTIONS = NO;
				ENABLE_STRICT_OBJC_MSGSEND = YES;
				GCC_C_LANGUAGE_STANDARD = gnu11;
				GCC_NO_COMMON_BLOCKS = YES;
				GCC_WARN_64_TO_32_BIT_CONVERSION = YES;
				GCC_WARN_ABOUT_RETURN_TYPE = YES_ERROR;
				GCC_WARN_UNDECLARED_SELECTOR = YES;
				GCC_WARN_UNINITIALIZED_AUTOS = YES_AGGRESSIVE;
				GCC_WARN_UNUSED_FUNCTION = YES;
				GCC_WARN_UNUSED_VARIABLE = YES;
				IPHONEOS_DEPLOYMENT_TARGET = 16.1;
				MTL_ENABLE_DEBUG_INFO = NO;
				MTL_FAST_MATH = YES;
				SDKROOT = iphoneos;
				SWIFT_COMPILATION_MODE = wholemodule;
				SWIFT_OPTIMIZATION_LEVEL = "-O";
				VALIDATE_PRODUCT = YES;
			};
			name = Release;
		};
		8DD1CE12292E84820051BB38 /* Debug */ = {
			isa = XCBuildConfiguration;
			buildSettings = {
				ASSETCATALOG_COMPILER_APPICON_NAME = AppIcon;
				ASSETCATALOG_COMPILER_GLOBAL_ACCENT_COLOR_NAME = AccentColor;
				CODE_SIGN_STYLE = Automatic;
				CURRENT_PROJECT_VERSION = 1;
				DEVELOPMENT_TEAM = 7QM3B3CVCZ;
				GENERATE_INFOPLIST_FILE = YES;
				INFOPLIST_FILE = DemoHit/Info.plist;
				INFOPLIST_KEY_UIApplicationSupportsIndirectInputEvents = YES;
				INFOPLIST_KEY_UILaunchStoryboardName = LaunchScreen;
				INFOPLIST_KEY_UISupportedInterfaceOrientations_iPad = "UIInterfaceOrientationPortrait UIInterfaceOrientationPortraitUpsideDown UIInterfaceOrientationLandscapeLeft UIInterfaceOrientationLandscapeRight";
				INFOPLIST_KEY_UISupportedInterfaceOrientations_iPhone = "UIInterfaceOrientationPortrait UIInterfaceOrientationLandscapeLeft UIInterfaceOrientationLandscapeRight";
				LD_RUNPATH_SEARCH_PATHS = (
					"$(inherited)",
					"@executable_path/Frameworks",
				);
				MARKETING_VERSION = 1.0;
				PRODUCT_BUNDLE_IDENTIFIER = com.vega.DemoHit;
				PRODUCT_NAME = "$(TARGET_NAME)";
				SWIFT_EMIT_LOC_STRINGS = YES;
				SWIFT_VERSION = 5.0;
				TARGETED_DEVICE_FAMILY = "1,2";
			};
			name = Debug;
		};
		8DD1CE13292E84820051BB38 /* Release */ = {
			isa = XCBuildConfiguration;
			buildSettings = {
				ASSETCATALOG_COMPILER_APPICON_NAME = AppIcon;
				ASSETCATALOG_COMPILER_GLOBAL_ACCENT_COLOR_NAME = AccentColor;
				CODE_SIGN_STYLE = Automatic;
				CURRENT_PROJECT_VERSION = 1;
				DEVELOPMENT_TEAM = 7QM3B3CVCZ;
				GENERATE_INFOPLIST_FILE = YES;
				INFOPLIST_FILE = DemoHit/Info.plist;
				INFOPLIST_KEY_UIApplicationSupportsIndirectInputEvents = YES;
				INFOPLIST_KEY_UILaunchStoryboardName = LaunchScreen;
				INFOPLIST_KEY_UISupportedInterfaceOrientations_iPad = "UIInterfaceOrientationPortrait UIInterfaceOrientationPortraitUpsideDown UIInterfaceOrientationLandscapeLeft UIInterfaceOrientationLandscapeRight";
				INFOPLIST_KEY_UISupportedInterfaceOrientations_iPhone = "UIInterfaceOrientationPortrait UIInterfaceOrientationLandscapeLeft UIInterfaceOrientationLandscapeRight";
				LD_RUNPATH_SEARCH_PATHS = (
					"$(inherited)",
					"@executable_path/Frameworks",
				);
				MARKETING_VERSION = 1.0;
				PRODUCT_BUNDLE_IDENTIFIER = com.vega.DemoHit;
				PRODUCT_NAME = "$(TARGET_NAME)";
				SWIFT_EMIT_LOC_STRINGS = YES;
				SWIFT_VERSION = 5.0;
				TARGETED_DEVICE_FAMILY = "1,2";
			};
			name = Release;
		};
/* End XCBuildConfiguration section */

/* Begin XCConfigurationList section */
		8DD1CDF8292E84800051BB38 /* Build configuration list for PBXProject "DemoHit" */ = {
			isa = XCConfigurationList;
			buildConfigurations = (
				8DD1CE0F292E84820051BB38 /* Debug */,
				8DD1CE10292E84820051BB38 /* Release */,
			);
			defaultConfigurationIsVisible = 0;
			defaultConfigurationName = Release;
		};
		8DD1CE11292E84820051BB38 /* Build configuration list for PBXNativeTarget "DemoHit" */ = {
			isa = XCConfigurationList;
			buildConfigurations = (
				8DD1CE12292E84820051BB38 /* Debug */,
				8DD1CE13292E84820051BB38 /* Release */,
			);
			defaultConfigurationIsVisible = 0;
			defaultConfigurationName = Release;
		};
/* End XCConfigurationList section */
	};
	rootObject = 8DD1CDF5292E84800051BB38 /* Project object */;
}
